// !$*UTF8*$!
{
	archiveVersion = 1;
	classes = {
	};
	objectVersion = 50;
	objects = {

/* Begin PBXBuildFile section */
		68D3118718A3387A076E31BB /* Pods_CourseConnectTests.framework in Frameworks */ = {isa = PBXBuildFile; fileRef = C3729DFE4E454E8A9BA9956D /* Pods_CourseConnectTests.framework */; };
		78F2CD13D7A2816A60A6B473 /* Pods_CourseConnect.framework in Frameworks */ = {isa = PBXBuildFile; fileRef = CE8A272EE2064E624CBC02EA /* Pods_CourseConnect.framework */; };
		E510EABB2206B834004F3E5C /* AppDelegate.swift in Sources */ = {isa = PBXBuildFile; fileRef = E510EABA2206B834004F3E5C /* AppDelegate.swift */; };
		E510EAC02206B834004F3E5C /* Main.storyboard in Resources */ = {isa = PBXBuildFile; fileRef = E510EABE2206B834004F3E5C /* Main.storyboard */; };
		E510EAC22206B836004F3E5C /* Assets.xcassets in Resources */ = {isa = PBXBuildFile; fileRef = E510EAC12206B836004F3E5C /* Assets.xcassets */; };
		E510EAC52206B836004F3E5C /* LaunchScreen.storyboard in Resources */ = {isa = PBXBuildFile; fileRef = E510EAC32206B836004F3E5C /* LaunchScreen.storyboard */; };
		E510EAD02206B836004F3E5C /* CourseConnectTests.swift in Sources */ = {isa = PBXBuildFile; fileRef = E510EACF2206B836004F3E5C /* CourseConnectTests.swift */; };
		E510EADB2206B836004F3E5C /* CourseConnectUITests.swift in Sources */ = {isa = PBXBuildFile; fileRef = E510EADA2206B836004F3E5C /* CourseConnectUITests.swift */; };
		E510EAEB2206BBFE004F3E5C /* GoogleService-Info.plist in Resources */ = {isa = PBXBuildFile; fileRef = E510EAEA2206BBFD004F3E5C /* GoogleService-Info.plist */; };
		E510EAEE2206BD36004F3E5C /* LaunchViewController.swift in Sources */ = {isa = PBXBuildFile; fileRef = E510EAED2206BD36004F3E5C /* LaunchViewController.swift */; };
		E510EAF42206C14B004F3E5C /* LogInViewController.swift in Sources */ = {isa = PBXBuildFile; fileRef = E510EAF32206C14B004F3E5C /* LogInViewController.swift */; };
		E510EAF82206D5DE004F3E5C /* HomeViewController.swift in Sources */ = {isa = PBXBuildFile; fileRef = E510EAF72206D5DE004F3E5C /* HomeViewController.swift */; };
		ECCF7E665AB293338BDA9232 /* Pods_CourseConnectUITests.framework in Frameworks */ = {isa = PBXBuildFile; fileRef = CD6ADF45220F793AD6BE465B /* Pods_CourseConnectUITests.framework */; };
/* End PBXBuildFile section */

/* Begin PBXContainerItemProxy section */
		E510EACC2206B836004F3E5C /* PBXContainerItemProxy */ = {
			isa = PBXContainerItemProxy;
			containerPortal = E510EAAF2206B834004F3E5C /* Project object */;
			proxyType = 1;
			remoteGlobalIDString = E510EAB62206B834004F3E5C;
			remoteInfo = CourseConnect;
		};
		E510EAD72206B836004F3E5C /* PBXContainerItemProxy */ = {
			isa = PBXContainerItemProxy;
			containerPortal = E510EAAF2206B834004F3E5C /* Project object */;
			proxyType = 1;
			remoteGlobalIDString = E510EAB62206B834004F3E5C;
			remoteInfo = CourseConnect;
		};
/* End PBXContainerItemProxy section */

/* Begin PBXFileReference section */
		6E69F70CA2D2F8D9CB3DD570 /* Pods-CourseConnectTests.release.xcconfig */ = {isa = PBXFileReference; includeInIndex = 1; lastKnownFileType = text.xcconfig; name = "Pods-CourseConnectTests.release.xcconfig"; path = "Pods/Target Support Files/Pods-CourseConnectTests/Pods-CourseConnectTests.release.xcconfig"; sourceTree = "<group>"; };
		917F02CD7E2DFC2F1A156375 /* Pods-CourseConnect.debug.xcconfig */ = {isa = PBXFileReference; includeInIndex = 1; lastKnownFileType = text.xcconfig; name = "Pods-CourseConnect.debug.xcconfig"; path = "Pods/Target Support Files/Pods-CourseConnect/Pods-CourseConnect.debug.xcconfig"; sourceTree = "<group>"; };
		A8EDF6DCD23A7B12AC58F83F /* Pods-CourseConnectUITests.release.xcconfig */ = {isa = PBXFileReference; includeInIndex = 1; lastKnownFileType = text.xcconfig; name = "Pods-CourseConnectUITests.release.xcconfig"; path = "Pods/Target Support Files/Pods-CourseConnectUITests/Pods-CourseConnectUITests.release.xcconfig"; sourceTree = "<group>"; };
		BA6F5F9E37C7A9F729B2DE93 /* Pods-CourseConnect.release.xcconfig */ = {isa = PBXFileReference; includeInIndex = 1; lastKnownFileType = text.xcconfig; name = "Pods-CourseConnect.release.xcconfig"; path = "Pods/Target Support Files/Pods-CourseConnect/Pods-CourseConnect.release.xcconfig"; sourceTree = "<group>"; };
		BDAFE2958C4C74B996ECFAC1 /* Pods-CourseConnectUITests.debug.xcconfig */ = {isa = PBXFileReference; includeInIndex = 1; lastKnownFileType = text.xcconfig; name = "Pods-CourseConnectUITests.debug.xcconfig"; path = "Pods/Target Support Files/Pods-CourseConnectUITests/Pods-CourseConnectUITests.debug.xcconfig"; sourceTree = "<group>"; };
		C3729DFE4E454E8A9BA9956D /* Pods_CourseConnectTests.framework */ = {isa = PBXFileReference; explicitFileType = wrapper.framework; includeInIndex = 0; path = Pods_CourseConnectTests.framework; sourceTree = BUILT_PRODUCTS_DIR; };
		CD6ADF45220F793AD6BE465B /* Pods_CourseConnectUITests.framework */ = {isa = PBXFileReference; explicitFileType = wrapper.framework; includeInIndex = 0; path = Pods_CourseConnectUITests.framework; sourceTree = BUILT_PRODUCTS_DIR; };
		CE8A272EE2064E624CBC02EA /* Pods_CourseConnect.framework */ = {isa = PBXFileReference; explicitFileType = wrapper.framework; includeInIndex = 0; path = Pods_CourseConnect.framework; sourceTree = BUILT_PRODUCTS_DIR; };
		E510EAB72206B834004F3E5C /* CourseConnect.app */ = {isa = PBXFileReference; explicitFileType = wrapper.application; includeInIndex = 0; path = CourseConnect.app; sourceTree = BUILT_PRODUCTS_DIR; };
		E510EABA2206B834004F3E5C /* AppDelegate.swift */ = {isa = PBXFileReference; lastKnownFileType = sourcecode.swift; path = AppDelegate.swift; sourceTree = "<group>"; };
		E510EABF2206B834004F3E5C /* Base */ = {isa = PBXFileReference; lastKnownFileType = file.storyboard; name = Base; path = Base.lproj/Main.storyboard; sourceTree = "<group>"; };
		E510EAC12206B836004F3E5C /* Assets.xcassets */ = {isa = PBXFileReference; lastKnownFileType = folder.assetcatalog; path = Assets.xcassets; sourceTree = "<group>"; };
		E510EAC42206B836004F3E5C /* Base */ = {isa = PBXFileReference; lastKnownFileType = file.storyboard; name = Base; path = Base.lproj/LaunchScreen.storyboard; sourceTree = "<group>"; };
		E510EAC62206B836004F3E5C /* Info.plist */ = {isa = PBXFileReference; lastKnownFileType = text.plist.xml; path = Info.plist; sourceTree = "<group>"; };
		E510EACB2206B836004F3E5C /* CourseConnectTests.xctest */ = {isa = PBXFileReference; explicitFileType = wrapper.cfbundle; includeInIndex = 0; path = CourseConnectTests.xctest; sourceTree = BUILT_PRODUCTS_DIR; };
		E510EACF2206B836004F3E5C /* CourseConnectTests.swift */ = {isa = PBXFileReference; lastKnownFileType = sourcecode.swift; path = CourseConnectTests.swift; sourceTree = "<group>"; };
		E510EAD12206B836004F3E5C /* Info.plist */ = {isa = PBXFileReference; lastKnownFileType = text.plist.xml; path = Info.plist; sourceTree = "<group>"; };
		E510EAD62206B836004F3E5C /* CourseConnectUITests.xctest */ = {isa = PBXFileReference; explicitFileType = wrapper.cfbundle; includeInIndex = 0; path = CourseConnectUITests.xctest; sourceTree = BUILT_PRODUCTS_DIR; };
		E510EADA2206B836004F3E5C /* CourseConnectUITests.swift */ = {isa = PBXFileReference; lastKnownFileType = sourcecode.swift; path = CourseConnectUITests.swift; sourceTree = "<group>"; };
		E510EADC2206B836004F3E5C /* Info.plist */ = {isa = PBXFileReference; lastKnownFileType = text.plist.xml; path = Info.plist; sourceTree = "<group>"; };
		E510EAEA2206BBFD004F3E5C /* GoogleService-Info.plist */ = {isa = PBXFileReference; fileEncoding = 4; lastKnownFileType = text.plist.xml; path = "GoogleService-Info.plist"; sourceTree = "<group>"; };
		E510EAED2206BD36004F3E5C /* LaunchViewController.swift */ = {isa = PBXFileReference; lastKnownFileType = sourcecode.swift; path = LaunchViewController.swift; sourceTree = "<group>"; };
		E510EAF32206C14B004F3E5C /* LogInViewController.swift */ = {isa = PBXFileReference; lastKnownFileType = sourcecode.swift; path = LogInViewController.swift; sourceTree = "<group>"; };
		E510EAF72206D5DE004F3E5C /* HomeViewController.swift */ = {isa = PBXFileReference; lastKnownFileType = sourcecode.swift; path = HomeViewController.swift; sourceTree = "<group>"; };
		FCC859CA154F10C660AB7ABA /* Pods-CourseConnectTests.debug.xcconfig */ = {isa = PBXFileReference; includeInIndex = 1; lastKnownFileType = text.xcconfig; name = "Pods-CourseConnectTests.debug.xcconfig"; path = "Pods/Target Support Files/Pods-CourseConnectTests/Pods-CourseConnectTests.debug.xcconfig"; sourceTree = "<group>"; };
/* End PBXFileReference section */

/* Begin PBXFrameworksBuildPhase section */
		E510EAB42206B834004F3E5C /* Frameworks */ = {
			isa = PBXFrameworksBuildPhase;
			buildActionMask = 2147483647;
			files = (
				78F2CD13D7A2816A60A6B473 /* Pods_CourseConnect.framework in Frameworks */,
			);
			runOnlyForDeploymentPostprocessing = 0;
		};
		E510EAC82206B836004F3E5C /* Frameworks */ = {
			isa = PBXFrameworksBuildPhase;
			buildActionMask = 2147483647;
			files = (
				68D3118718A3387A076E31BB /* Pods_CourseConnectTests.framework in Frameworks */,
			);
			runOnlyForDeploymentPostprocessing = 0;
		};
		E510EAD32206B836004F3E5C /* Frameworks */ = {
			isa = PBXFrameworksBuildPhase;
			buildActionMask = 2147483647;
			files = (
				ECCF7E665AB293338BDA9232 /* Pods_CourseConnectUITests.framework in Frameworks */,
			);
			runOnlyForDeploymentPostprocessing = 0;
		};
/* End PBXFrameworksBuildPhase section */

/* Begin PBXGroup section */
		D041387F7F6A38AB5363AE37 /* Frameworks */ = {
			isa = PBXGroup;
			children = (
				CE8A272EE2064E624CBC02EA /* Pods_CourseConnect.framework */,
				C3729DFE4E454E8A9BA9956D /* Pods_CourseConnectTests.framework */,
				CD6ADF45220F793AD6BE465B /* Pods_CourseConnectUITests.framework */,
			);
			name = Frameworks;
			sourceTree = "<group>";
		};
		D654E77EF583C6C148C5940B /* Pods */ = {
			isa = PBXGroup;
			children = (
				917F02CD7E2DFC2F1A156375 /* Pods-CourseConnect.debug.xcconfig */,
				BA6F5F9E37C7A9F729B2DE93 /* Pods-CourseConnect.release.xcconfig */,
				FCC859CA154F10C660AB7ABA /* Pods-CourseConnectTests.debug.xcconfig */,
				6E69F70CA2D2F8D9CB3DD570 /* Pods-CourseConnectTests.release.xcconfig */,
				BDAFE2958C4C74B996ECFAC1 /* Pods-CourseConnectUITests.debug.xcconfig */,
				A8EDF6DCD23A7B12AC58F83F /* Pods-CourseConnectUITests.release.xcconfig */,
			);
			name = Pods;
			sourceTree = "<group>";
		};
		E510EAAE2206B834004F3E5C = {
			isa = PBXGroup;
			children = (
				E510EAB92206B834004F3E5C /* CourseConnect */,
				E510EACE2206B836004F3E5C /* CourseConnectTests */,
				E510EAD92206B836004F3E5C /* CourseConnectUITests */,
				E510EAB82206B834004F3E5C /* Products */,
				D654E77EF583C6C148C5940B /* Pods */,
				D041387F7F6A38AB5363AE37 /* Frameworks */,
			);
			sourceTree = "<group>";
		};
		E510EAB82206B834004F3E5C /* Products */ = {
			isa = PBXGroup;
			children = (
				E510EAB72206B834004F3E5C /* CourseConnect.app */,
				E510EACB2206B836004F3E5C /* CourseConnectTests.xctest */,
				E510EAD62206B836004F3E5C /* CourseConnectUITests.xctest */,
			);
			name = Products;
			sourceTree = "<group>";
		};
		E510EAB92206B834004F3E5C /* CourseConnect */ = {
			isa = PBXGroup;
			children = (
				E510EAEC2206BD0D004F3E5C /* ViewControllers */,
				E510EAEA2206BBFD004F3E5C /* GoogleService-Info.plist */,
				E510EABA2206B834004F3E5C /* AppDelegate.swift */,
				E510EABE2206B834004F3E5C /* Main.storyboard */,
				E510EAC12206B836004F3E5C /* Assets.xcassets */,
				E510EAC32206B836004F3E5C /* LaunchScreen.storyboard */,
				E510EAC62206B836004F3E5C /* Info.plist */,
			);
			path = CourseConnect;
			sourceTree = "<group>";
		};
		E510EACE2206B836004F3E5C /* CourseConnectTests */ = {
			isa = PBXGroup;
			children = (
				E510EACF2206B836004F3E5C /* CourseConnectTests.swift */,
				E510EAD12206B836004F3E5C /* Info.plist */,
			);
			path = CourseConnectTests;
			sourceTree = "<group>";
		};
		E510EAD92206B836004F3E5C /* CourseConnectUITests */ = {
			isa = PBXGroup;
			children = (
				E510EADA2206B836004F3E5C /* CourseConnectUITests.swift */,
				E510EADC2206B836004F3E5C /* Info.plist */,
			);
			path = CourseConnectUITests;
			sourceTree = "<group>";
		};
		E510EAEC2206BD0D004F3E5C /* ViewControllers */ = {
			isa = PBXGroup;
			children = (
				E510EAED2206BD36004F3E5C /* LaunchViewController.swift */,
				E510EAF32206C14B004F3E5C /* LogInViewController.swift */,
				E510EAF72206D5DE004F3E5C /* HomeViewController.swift */,
			);
			path = ViewControllers;
			sourceTree = "<group>";
		};
/* End PBXGroup section */

/* Begin PBXNativeTarget section */
		E510EAB62206B834004F3E5C /* CourseConnect */ = {
			isa = PBXNativeTarget;
			buildConfigurationList = E510EADF2206B836004F3E5C /* Build configuration list for PBXNativeTarget "CourseConnect" */;
			buildPhases = (
				133C04B85C8D0C8D56DC0129 /* [CP] Check Pods Manifest.lock */,
				E510EAB32206B834004F3E5C /* Sources */,
				E510EAB42206B834004F3E5C /* Frameworks */,
				E510EAB52206B834004F3E5C /* Resources */,
				B7EF3224CFB4BDB142B645A7 /* [CP] Embed Pods Frameworks */,
				625A97D23E10ADB51800F6B7 /* [CP] Copy Pods Resources */,
			);
			buildRules = (
			);
			dependencies = (
			);
			name = CourseConnect;
			productName = CourseConnect;
			productReference = E510EAB72206B834004F3E5C /* CourseConnect.app */;
			productType = "com.apple.product-type.application";
		};
		E510EACA2206B836004F3E5C /* CourseConnectTests */ = {
			isa = PBXNativeTarget;
			buildConfigurationList = E510EAE22206B836004F3E5C /* Build configuration list for PBXNativeTarget "CourseConnectTests" */;
			buildPhases = (
				D400B45B0A0C2B8420E1DD1C /* [CP] Check Pods Manifest.lock */,
				E510EAC72206B836004F3E5C /* Sources */,
				E510EAC82206B836004F3E5C /* Frameworks */,
				E510EAC92206B836004F3E5C /* Resources */,
			);
			buildRules = (
			);
			dependencies = (
				E510EACD2206B836004F3E5C /* PBXTargetDependency */,
			);
			name = CourseConnectTests;
			productName = CourseConnectTests;
			productReference = E510EACB2206B836004F3E5C /* CourseConnectTests.xctest */;
			productType = "com.apple.product-type.bundle.unit-test";
		};
		E510EAD52206B836004F3E5C /* CourseConnectUITests */ = {
			isa = PBXNativeTarget;
			buildConfigurationList = E510EAE52206B836004F3E5C /* Build configuration list for PBXNativeTarget "CourseConnectUITests" */;
			buildPhases = (
				08DDB21113D3E688DEE11F2C /* [CP] Check Pods Manifest.lock */,
				E510EAD22206B836004F3E5C /* Sources */,
				E510EAD32206B836004F3E5C /* Frameworks */,
				E510EAD42206B836004F3E5C /* Resources */,
			);
			buildRules = (
			);
			dependencies = (
				E510EAD82206B836004F3E5C /* PBXTargetDependency */,
			);
			name = CourseConnectUITests;
			productName = CourseConnectUITests;
			productReference = E510EAD62206B836004F3E5C /* CourseConnectUITests.xctest */;
			productType = "com.apple.product-type.bundle.ui-testing";
		};
/* End PBXNativeTarget section */

/* Begin PBXProject section */
		E510EAAF2206B834004F3E5C /* Project object */ = {
			isa = PBXProject;
			attributes = {
				LastSwiftUpdateCheck = 1010;
				LastUpgradeCheck = 1010;
				ORGANIZATIONNAME = "Emmett Deen";
				TargetAttributes = {
					E510EAB62206B834004F3E5C = {
						CreatedOnToolsVersion = 10.1;
					};
					E510EACA2206B836004F3E5C = {
						CreatedOnToolsVersion = 10.1;
						TestTargetID = E510EAB62206B834004F3E5C;
					};
					E510EAD52206B836004F3E5C = {
						CreatedOnToolsVersion = 10.1;
						TestTargetID = E510EAB62206B834004F3E5C;
					};
				};
			};
			buildConfigurationList = E510EAB22206B834004F3E5C /* Build configuration list for PBXProject "CourseConnect" */;
			compatibilityVersion = "Xcode 9.3";
			developmentRegion = en;
			hasScannedForEncodings = 0;
			knownRegions = (
				en,
				Base,
			);
			mainGroup = E510EAAE2206B834004F3E5C;
			productRefGroup = E510EAB82206B834004F3E5C /* Products */;
			projectDirPath = "";
			projectRoot = "";
			targets = (
				E510EAB62206B834004F3E5C /* CourseConnect */,
				E510EACA2206B836004F3E5C /* CourseConnectTests */,
				E510EAD52206B836004F3E5C /* CourseConnectUITests */,
			);
		};
/* End PBXProject section */

/* Begin PBXResourcesBuildPhase section */
		E510EAB52206B834004F3E5C /* Resources */ = {
			isa = PBXResourcesBuildPhase;
			buildActionMask = 2147483647;
			files = (
				E510EAC52206B836004F3E5C /* LaunchScreen.storyboard in Resources */,
				E510EAEB2206BBFE004F3E5C /* GoogleService-Info.plist in Resources */,
				E510EAC22206B836004F3E5C /* Assets.xcassets in Resources */,
				E510EAC02206B834004F3E5C /* Main.storyboard in Resources */,
			);
			runOnlyForDeploymentPostprocessing = 0;
		};
		E510EAC92206B836004F3E5C /* Resources */ = {
			isa = PBXResourcesBuildPhase;
			buildActionMask = 2147483647;
			files = (
			);
			runOnlyForDeploymentPostprocessing = 0;
		};
		E510EAD42206B836004F3E5C /* Resources */ = {
			isa = PBXResourcesBuildPhase;
			buildActionMask = 2147483647;
			files = (
			);
			runOnlyForDeploymentPostprocessing = 0;
		};
/* End PBXResourcesBuildPhase section */

/* Begin PBXShellScriptBuildPhase section */
		08DDB21113D3E688DEE11F2C /* [CP] Check Pods Manifest.lock */ = {
			isa = PBXShellScriptBuildPhase;
			buildActionMask = 2147483647;
			files = (
			);
			inputFileListPaths = (
			);
			inputPaths = (
				"${PODS_PODFILE_DIR_PATH}/Podfile.lock",
				"${PODS_ROOT}/Manifest.lock",
			);
			name = "[CP] Check Pods Manifest.lock";
			outputFileListPaths = (
			);
			outputPaths = (
				"$(DERIVED_FILE_DIR)/Pods-CourseConnectUITests-checkManifestLockResult.txt",
			);
			runOnlyForDeploymentPostprocessing = 0;
			shellPath = /bin/sh;
			shellScript = "diff \"${PODS_PODFILE_DIR_PATH}/Podfile.lock\" \"${PODS_ROOT}/Manifest.lock\" > /dev/null\nif [ $? != 0 ] ; then\n    # print error to STDERR\n    echo \"error: The sandbox is not in sync with the Podfile.lock. Run 'pod install' or update your CocoaPods installation.\" >&2\n    exit 1\nfi\n# This output is used by Xcode 'outputs' to avoid re-running this script phase.\necho \"SUCCESS\" > \"${SCRIPT_OUTPUT_FILE_0}\"\n";
			showEnvVarsInLog = 0;
		};
		133C04B85C8D0C8D56DC0129 /* [CP] Check Pods Manifest.lock */ = {
			isa = PBXShellScriptBuildPhase;
			buildActionMask = 2147483647;
			files = (
			);
			inputFileListPaths = (
			);
			inputPaths = (
				"${PODS_PODFILE_DIR_PATH}/Podfile.lock",
				"${PODS_ROOT}/Manifest.lock",
			);
			name = "[CP] Check Pods Manifest.lock";
			outputFileListPaths = (
			);
			outputPaths = (
				"$(DERIVED_FILE_DIR)/Pods-CourseConnect-checkManifestLockResult.txt",
			);
			runOnlyForDeploymentPostprocessing = 0;
			shellPath = /bin/sh;
			shellScript = "diff \"${PODS_PODFILE_DIR_PATH}/Podfile.lock\" \"${PODS_ROOT}/Manifest.lock\" > /dev/null\nif [ $? != 0 ] ; then\n    # print error to STDERR\n    echo \"error: The sandbox is not in sync with the Podfile.lock. Run 'pod install' or update your CocoaPods installation.\" >&2\n    exit 1\nfi\n# This output is used by Xcode 'outputs' to avoid re-running this script phase.\necho \"SUCCESS\" > \"${SCRIPT_OUTPUT_FILE_0}\"\n";
			showEnvVarsInLog = 0;
		};
		625A97D23E10ADB51800F6B7 /* [CP] Copy Pods Resources */ = {
			isa = PBXShellScriptBuildPhase;
			buildActionMask = 2147483647;
			files = (
			);
			inputFileListPaths = (
			);
			inputPaths = (
				"${SRCROOT}/Pods/Target Support Files/Pods-CourseConnect/Pods-CourseConnect-resources.sh",
				"${PODS_CONFIGURATION_BUILD_DIR}/FirebaseFirestore/gRPCCertificates-Firestore.bundle",
			);
			name = "[CP] Copy Pods Resources";
			outputFileListPaths = (
			);
			outputPaths = (
				"${TARGET_BUILD_DIR}/${UNLOCALIZED_RESOURCES_FOLDER_PATH}/gRPCCertificates-Firestore.bundle",
			);
			runOnlyForDeploymentPostprocessing = 0;
			shellPath = /bin/sh;
			shellScript = "\"${SRCROOT}/Pods/Target Support Files/Pods-CourseConnect/Pods-CourseConnect-resources.sh\"\n";
			showEnvVarsInLog = 0;
		};
		B7EF3224CFB4BDB142B645A7 /* [CP] Embed Pods Frameworks */ = {
			isa = PBXShellScriptBuildPhase;
			buildActionMask = 2147483647;
			files = (
			);
			inputFileListPaths = (
			);
			inputPaths = (
				"${SRCROOT}/Pods/Target Support Files/Pods-CourseConnect/Pods-CourseConnect-frameworks.sh",
				"${BUILT_PRODUCTS_DIR}/BoringSSL/openssl.framework",
				"${BUILT_PRODUCTS_DIR}/GTMSessionFetcher/GTMSessionFetcher.framework",
				"${BUILT_PRODUCTS_DIR}/GoogleUtilities/GoogleUtilities.framework",
				"${BUILT_PRODUCTS_DIR}/Protobuf/Protobuf.framework",
				"${BUILT_PRODUCTS_DIR}/gRPC-C++/grpcpp.framework",
				"${BUILT_PRODUCTS_DIR}/gRPC-Core/grpc.framework",
				"${BUILT_PRODUCTS_DIR}/leveldb-library/leveldb.framework",
				"${BUILT_PRODUCTS_DIR}/nanopb/nanopb.framework",
			);
			name = "[CP] Embed Pods Frameworks";
			outputFileListPaths = (
			);
			outputPaths = (
				"${TARGET_BUILD_DIR}/${FRAMEWORKS_FOLDER_PATH}/openssl.framework",
				"${TARGET_BUILD_DIR}/${FRAMEWORKS_FOLDER_PATH}/GTMSessionFetcher.framework",
				"${TARGET_BUILD_DIR}/${FRAMEWORKS_FOLDER_PATH}/GoogleUtilities.framework",
				"${TARGET_BUILD_DIR}/${FRAMEWORKS_FOLDER_PATH}/Protobuf.framework",
				"${TARGET_BUILD_DIR}/${FRAMEWORKS_FOLDER_PATH}/grpcpp.framework",
				"${TARGET_BUILD_DIR}/${FRAMEWORKS_FOLDER_PATH}/grpc.framework",
				"${TARGET_BUILD_DIR}/${FRAMEWORKS_FOLDER_PATH}/leveldb.framework",
				"${TARGET_BUILD_DIR}/${FRAMEWORKS_FOLDER_PATH}/nanopb.framework",
			);
			runOnlyForDeploymentPostprocessing = 0;
			shellPath = /bin/sh;
			shellScript = "\"${SRCROOT}/Pods/Target Support Files/Pods-CourseConnect/Pods-CourseConnect-frameworks.sh\"\n";
			showEnvVarsInLog = 0;
		};
		D400B45B0A0C2B8420E1DD1C /* [CP] Check Pods Manifest.lock */ = {
			isa = PBXShellScriptBuildPhase;
			buildActionMask = 2147483647;
			files = (
			);
			inputFileListPaths = (
			);
			inputPaths = (
				"${PODS_PODFILE_DIR_PATH}/Podfile.lock",
				"${PODS_ROOT}/Manifest.lock",
			);
			name = "[CP] Check Pods Manifest.lock";
			outputFileListPaths = (
			);
			outputPaths = (
				"$(DERIVED_FILE_DIR)/Pods-CourseConnectTests-checkManifestLockResult.txt",
			);
			runOnlyForDeploymentPostprocessing = 0;
			shellPath = /bin/sh;
			shellScript = "diff \"${PODS_PODFILE_DIR_PATH}/Podfile.lock\" \"${PODS_ROOT}/Manifest.lock\" > /dev/null\nif [ $? != 0 ] ; then\n    # print error to STDERR\n    echo \"error: The sandbox is not in sync with the Podfile.lock. Run 'pod install' or update your CocoaPods installation.\" >&2\n    exit 1\nfi\n# This output is used by Xcode 'outputs' to avoid re-running this script phase.\necho \"SUCCESS\" > \"${SCRIPT_OUTPUT_FILE_0}\"\n";
			showEnvVarsInLog = 0;
		};
/* End PBXShellScriptBuildPhase section */

/* Begin PBXSourcesBuildPhase section */
		E510EAB32206B834004F3E5C /* Sources */ = {
			isa = PBXSourcesBuildPhase;
			buildActionMask = 2147483647;
			files = (
				E510EAEE2206BD36004F3E5C /* LaunchViewController.swift in Sources */,
				E510EABB2206B834004F3E5C /* AppDelegate.swift in Sources */,
				E510EAF42206C14B004F3E5C /* LogInViewController.swift in Sources */,
				E510EAF82206D5DE004F3E5C /* HomeViewController.swift in Sources */,
			);
			runOnlyForDeploymentPostprocessing = 0;
		};
		E510EAC72206B836004F3E5C /* Sources */ = {
			isa = PBXSourcesBuildPhase;
			buildActionMask = 2147483647;
			files = (
				E510EAD02206B836004F3E5C /* CourseConnectTests.swift in Sources */,
			);
			runOnlyForDeploymentPostprocessing = 0;
		};
		E510EAD22206B836004F3E5C /* Sources */ = {
			isa = PBXSourcesBuildPhase;
			buildActionMask = 2147483647;
			files = (
				E510EADB2206B836004F3E5C /* CourseConnectUITests.swift in Sources */,
			);
			runOnlyForDeploymentPostprocessing = 0;
		};
/* End PBXSourcesBuildPhase section */

/* Begin PBXTargetDependency section */
		E510EACD2206B836004F3E5C /* PBXTargetDependency */ = {
			isa = PBXTargetDependency;
			target = E510EAB62206B834004F3E5C /* CourseConnect */;
			targetProxy = E510EACC2206B836004F3E5C /* PBXContainerItemProxy */;
		};
		E510EAD82206B836004F3E5C /* PBXTargetDependency */ = {
			isa = PBXTargetDependency;
			target = E510EAB62206B834004F3E5C /* CourseConnect */;
			targetProxy = E510EAD72206B836004F3E5C /* PBXContainerItemProxy */;
		};
/* End PBXTargetDependency section */

/* Begin PBXVariantGroup section */
		E510EABE2206B834004F3E5C /* Main.storyboard */ = {
			isa = PBXVariantGroup;
			children = (
				E510EABF2206B834004F3E5C /* Base */,
			);
			name = Main.storyboard;
			sourceTree = "<group>";
		};
		E510EAC32206B836004F3E5C /* LaunchScreen.storyboard */ = {
			isa = PBXVariantGroup;
			children = (
				E510EAC42206B836004F3E5C /* Base */,
			);
			name = LaunchScreen.storyboard;
			sourceTree = "<group>";
		};
/* End PBXVariantGroup section */

/* Begin XCBuildConfiguration section */
		E510EADD2206B836004F3E5C /* Debug */ = {
			isa = XCBuildConfiguration;
			buildSettings = {
				ALWAYS_SEARCH_USER_PATHS = NO;
				CLANG_ANALYZER_NONNULL = YES;
				CLANG_ANALYZER_NUMBER_OBJECT_CONVERSION = YES_AGGRESSIVE;
				CLANG_CXX_LANGUAGE_STANDARD = "gnu++14";
				CLANG_CXX_LIBRARY = "libc++";
				CLANG_ENABLE_MODULES = YES;
				CLANG_ENABLE_OBJC_ARC = YES;
				CLANG_ENABLE_OBJC_WEAK = YES;
				CLANG_WARN_BLOCK_CAPTURE_AUTORELEASING = YES;
				CLANG_WARN_BOOL_CONVERSION = YES;
				CLANG_WARN_COMMA = YES;
				CLANG_WARN_CONSTANT_CONVERSION = YES;
				CLANG_WARN_DEPRECATED_OBJC_IMPLEMENTATIONS = YES;
				CLANG_WARN_DIRECT_OBJC_ISA_USAGE = YES_ERROR;
				CLANG_WARN_DOCUMENTATION_COMMENTS = YES;
				CLANG_WARN_EMPTY_BODY = YES;
				CLANG_WARN_ENUM_CONVERSION = YES;
				CLANG_WARN_INFINITE_RECURSION = YES;
				CLANG_WARN_INT_CONVERSION = YES;
				CLANG_WARN_NON_LITERAL_NULL_CONVERSION = YES;
				CLANG_WARN_OBJC_IMPLICIT_RETAIN_SELF = YES;
				CLANG_WARN_OBJC_LITERAL_CONVERSION = YES;
				CLANG_WARN_OBJC_ROOT_CLASS = YES_ERROR;
				CLANG_WARN_RANGE_LOOP_ANALYSIS = YES;
				CLANG_WARN_STRICT_PROTOTYPES = YES;
				CLANG_WARN_SUSPICIOUS_MOVE = YES;
				CLANG_WARN_UNGUARDED_AVAILABILITY = YES_AGGRESSIVE;
				CLANG_WARN_UNREACHABLE_CODE = YES;
				CLANG_WARN__DUPLICATE_METHOD_MATCH = YES;
				CODE_SIGN_IDENTITY = "iPhone Developer";
				COPY_PHASE_STRIP = NO;
				DEBUG_INFORMATION_FORMAT = dwarf;
				ENABLE_STRICT_OBJC_MSGSEND = YES;
				ENABLE_TESTABILITY = YES;
				GCC_C_LANGUAGE_STANDARD = gnu11;
				GCC_DYNAMIC_NO_PIC = NO;
				GCC_NO_COMMON_BLOCKS = YES;
				GCC_OPTIMIZATION_LEVEL = 0;
				GCC_PREPROCESSOR_DEFINITIONS = (
					"DEBUG=1",
					"$(inherited)",
				);
				GCC_WARN_64_TO_32_BIT_CONVERSION = YES;
				GCC_WARN_ABOUT_RETURN_TYPE = YES_ERROR;
				GCC_WARN_UNDECLARED_SELECTOR = YES;
				GCC_WARN_UNINITIALIZED_AUTOS = YES_AGGRESSIVE;
				GCC_WARN_UNUSED_FUNCTION = YES;
				GCC_WARN_UNUSED_VARIABLE = YES;
				IPHONEOS_DEPLOYMENT_TARGET = 12.1;
				MTL_ENABLE_DEBUG_INFO = INCLUDE_SOURCE;
				MTL_FAST_MATH = YES;
				ONLY_ACTIVE_ARCH = YES;
				SDKROOT = iphoneos;
				SWIFT_ACTIVE_COMPILATION_CONDITIONS = DEBUG;
				SWIFT_OPTIMIZATION_LEVEL = "-Onone";
			};
			name = Debug;
		};
		E510EADE2206B836004F3E5C /* Release */ = {
			isa = XCBuildConfiguration;
			buildSettings = {
				ALWAYS_SEARCH_USER_PATHS = NO;
				CLANG_ANALYZER_NONNULL = YES;
				CLANG_ANALYZER_NUMBER_OBJECT_CONVERSION = YES_AGGRESSIVE;
				CLANG_CXX_LANGUAGE_STANDARD = "gnu++14";
				CLANG_CXX_LIBRARY = "libc++";
				CLANG_ENABLE_MODULES = YES;
				CLANG_ENABLE_OBJC_ARC = YES;
				CLANG_ENABLE_OBJC_WEAK = YES;
				CLANG_WARN_BLOCK_CAPTURE_AUTORELEASING = YES;
				CLANG_WARN_BOOL_CONVERSION = YES;
				CLANG_WARN_COMMA = YES;
				CLANG_WARN_CONSTANT_CONVERSION = YES;
				CLANG_WARN_DEPRECATED_OBJC_IMPLEMENTATIONS = YES;
				CLANG_WARN_DIRECT_OBJC_ISA_USAGE = YES_ERROR;
				CLANG_WARN_DOCUMENTATION_COMMENTS = YES;
				CLANG_WARN_EMPTY_BODY = YES;
				CLANG_WARN_ENUM_CONVERSION = YES;
				CLANG_WARN_INFINITE_RECURSION = YES;
				CLANG_WARN_INT_CONVERSION = YES;
				CLANG_WARN_NON_LITERAL_NULL_CONVERSION = YES;
				CLANG_WARN_OBJC_IMPLICIT_RETAIN_SELF = YES;
				CLANG_WARN_OBJC_LITERAL_CONVERSION = YES;
				CLANG_WARN_OBJC_ROOT_CLASS = YES_ERROR;
				CLANG_WARN_RANGE_LOOP_ANALYSIS = YES;
				CLANG_WARN_STRICT_PROTOTYPES = YES;
				CLANG_WARN_SUSPICIOUS_MOVE = YES;
				CLANG_WARN_UNGUARDED_AVAILABILITY = YES_AGGRESSIVE;
				CLANG_WARN_UNREACHABLE_CODE = YES;
				CLANG_WARN__DUPLICATE_METHOD_MATCH = YES;
				CODE_SIGN_IDENTITY = "iPhone Developer";
				COPY_PHASE_STRIP = NO;
				DEBUG_INFORMATION_FORMAT = "dwarf-with-dsym";
				ENABLE_NS_ASSERTIONS = NO;
				ENABLE_STRICT_OBJC_MSGSEND = YES;
				GCC_C_LANGUAGE_STANDARD = gnu11;
				GCC_NO_COMMON_BLOCKS = YES;
				GCC_WARN_64_TO_32_BIT_CONVERSION = YES;
				GCC_WARN_ABOUT_RETURN_TYPE = YES_ERROR;
				GCC_WARN_UNDECLARED_SELECTOR = YES;
				GCC_WARN_UNINITIALIZED_AUTOS = YES_AGGRESSIVE;
				GCC_WARN_UNUSED_FUNCTION = YES;
				GCC_WARN_UNUSED_VARIABLE = YES;
				IPHONEOS_DEPLOYMENT_TARGET = 12.1;
				MTL_ENABLE_DEBUG_INFO = NO;
				MTL_FAST_MATH = YES;
				SDKROOT = iphoneos;
				SWIFT_COMPILATION_MODE = wholemodule;
				SWIFT_OPTIMIZATION_LEVEL = "-O";
				VALIDATE_PRODUCT = YES;
			};
			name = Release;
		};
		E510EAE02206B836004F3E5C /* Debug */ = {
			isa = XCBuildConfiguration;
			baseConfigurationReference = 917F02CD7E2DFC2F1A156375 /* Pods-CourseConnect.debug.xcconfig */;
			buildSettings = {
				ASSETCATALOG_COMPILER_APPICON_NAME = AppIcon;
				CODE_SIGN_STYLE = Automatic;
				DEVELOPMENT_TEAM = HJRJT5BABU;
				INFOPLIST_FILE = CourseConnect/Info.plist;
				IPHONEOS_DEPLOYMENT_TARGET = 10.0;
				LD_RUNPATH_SEARCH_PATHS = (
					"$(inherited)",
					"@executable_path/Frameworks",
				);
				PRODUCT_BUNDLE_IDENTIFIER = com.ggi.CourseConnect;
				PRODUCT_NAME = "$(TARGET_NAME)";
				SWIFT_VERSION = 4.2;
				TARGETED_DEVICE_FAMILY = 1;
			};
			name = Debug;
		};
		E510EAE12206B836004F3E5C /* Release */ = {
			isa = XCBuildConfiguration;
			baseConfigurationReference = BA6F5F9E37C7A9F729B2DE93 /* Pods-CourseConnect.release.xcconfig */;
			buildSettings = {
				ASSETCATALOG_COMPILER_APPICON_NAME = AppIcon;
				CODE_SIGN_STYLE = Automatic;
				DEVELOPMENT_TEAM = HJRJT5BABU;
				INFOPLIST_FILE = CourseConnect/Info.plist;
				IPHONEOS_DEPLOYMENT_TARGET = 10.0;
				LD_RUNPATH_SEARCH_PATHS = (
					"$(inherited)",
					"@executable_path/Frameworks",
				);
				PRODUCT_BUNDLE_IDENTIFIER = com.ggi.CourseConnect;
				PRODUCT_NAME = "$(TARGET_NAME)";
				SWIFT_VERSION = 4.2;
				TARGETED_DEVICE_FAMILY = 1;
			};
			name = Release;
		};
		E510EAE32206B836004F3E5C /* Debug */ = {
			isa = XCBuildConfiguration;
			baseConfigurationReference = FCC859CA154F10C660AB7ABA /* Pods-CourseConnectTests.debug.xcconfig */;
			buildSettings = {
				ALWAYS_EMBED_SWIFT_STANDARD_LIBRARIES = YES;
				BUNDLE_LOADER = "$(TEST_HOST)";
				CODE_SIGN_STYLE = Automatic;
				DEVELOPMENT_TEAM = HJRJT5BABU;
				INFOPLIST_FILE = CourseConnectTests/Info.plist;
				LD_RUNPATH_SEARCH_PATHS = (
					"$(inherited)",
					"@executable_path/Frameworks",
					"@loader_path/Frameworks",
				);
				PRODUCT_BUNDLE_IDENTIFIER = com.ggi.CourseConnectTests;
				PRODUCT_NAME = "$(TARGET_NAME)";
				SWIFT_VERSION = 4.2;
				TARGETED_DEVICE_FAMILY = "1,2";
				TEST_HOST = "$(BUILT_PRODUCTS_DIR)/CourseConnect.app/CourseConnect";
			};
			name = Debug;
		};
		E510EAE42206B836004F3E5C /* Release */ = {
			isa = XCBuildConfiguration;
			baseConfigurationReference = 6E69F70CA2D2F8D9CB3DD570 /* Pods-CourseConnectTests.release.xcconfig */;
			buildSettings = {
				ALWAYS_EMBED_SWIFT_STANDARD_LIBRARIES = YES;
				BUNDLE_LOADER = "$(TEST_HOST)";
				CODE_SIGN_STYLE = Automatic;
				DEVELOPMENT_TEAM = HJRJT5BABU;
				INFOPLIST_FILE = CourseConnectTests/Info.plist;
				LD_RUNPATH_SEARCH_PATHS = (
					"$(inherited)",
					"@executable_path/Frameworks",
					"@loader_path/Frameworks",
				);
				PRODUCT_BUNDLE_IDENTIFIER = com.ggi.CourseConnectTests;
				PRODUCT_NAME = "$(TARGET_NAME)";
				SWIFT_VERSION = 4.2;
				TARGETED_DEVICE_FAMILY = "1,2";
				TEST_HOST = "$(BUILT_PRODUCTS_DIR)/CourseConnect.app/CourseConnect";
			};
			name = Release;
		};
		E510EAE62206B836004F3E5C /* Debug */ = {
			isa = XCBuildConfiguration;
			baseConfigurationReference = BDAFE2958C4C74B996ECFAC1 /* Pods-CourseConnectUITests.debug.xcconfig */;
			buildSettings = {
				ALWAYS_EMBED_SWIFT_STANDARD_LIBRARIES = YES;
				CODE_SIGN_STYLE = Automatic;
				DEVELOPMENT_TEAM = HJRJT5BABU;
				INFOPLIST_FILE = CourseConnectUITests/Info.plist;
				LD_RUNPATH_SEARCH_PATHS = (
					"$(inherited)",
					"@executable_path/Frameworks",
					"@loader_path/Frameworks",
				);
				PRODUCT_BUNDLE_IDENTIFIER = com.ggi.CourseConnectUITests;
				PRODUCT_NAME = "$(TARGET_NAME)";
				SWIFT_VERSION = 4.2;
				TARGETED_DEVICE_FAMILY = "1,2";
				TEST_TARGET_NAME = CourseConnect;
			};
			name = Debug;
		};
		E510EAE72206B836004F3E5C /* Release */ = {
			isa = XCBuildConfiguration;
			baseConfigurationReference = A8EDF6DCD23A7B12AC58F83F /* Pods-CourseConnectUITests.release.xcconfig */;
			buildSettings = {
				ALWAYS_EMBED_SWIFT_STANDARD_LIBRARIES = YES;
				CODE_SIGN_STYLE = Automatic;
				DEVELOPMENT_TEAM = HJRJT5BABU;
				INFOPLIST_FILE = CourseConnectUITests/Info.plist;
				LD_RUNPATH_SEARCH_PATHS = (
					"$(inherited)",
					"@executable_path/Frameworks",
					"@loader_path/Frameworks",
				);
				PRODUCT_BUNDLE_IDENTIFIER = com.ggi.CourseConnectUITests;
				PRODUCT_NAME = "$(TARGET_NAME)";
				SWIFT_VERSION = 4.2;
				TARGETED_DEVICE_FAMILY = "1,2";
				TEST_TARGET_NAME = CourseConnect;
			};
			name = Release;
		};
/* End XCBuildConfiguration section */

/* Begin XCConfigurationList section */
		E510EAB22206B834004F3E5C /* Build configuration list for PBXProject "CourseConnect" */ = {
			isa = XCConfigurationList;
			buildConfigurations = (
				E510EADD2206B836004F3E5C /* Debug */,
				E510EADE2206B836004F3E5C /* Release */,
			);
			defaultConfigurationIsVisible = 0;
			defaultConfigurationName = Release;
		};
		E510EADF2206B836004F3E5C /* Build configuration list for PBXNativeTarget "CourseConnect" */ = {
			isa = XCConfigurationList;
			buildConfigurations = (
				E510EAE02206B836004F3E5C /* Debug */,
				E510EAE12206B836004F3E5C /* Release */,
			);
			defaultConfigurationIsVisible = 0;
			defaultConfigurationName = Release;
		};
		E510EAE22206B836004F3E5C /* Build configuration list for PBXNativeTarget "CourseConnectTests" */ = {
			isa = XCConfigurationList;
			buildConfigurations = (
				E510EAE32206B836004F3E5C /* Debug */,
				E510EAE42206B836004F3E5C /* Release */,
			);
			defaultConfigurationIsVisible = 0;
			defaultConfigurationName = Release;
		};
		E510EAE52206B836004F3E5C /* Build configuration list for PBXNativeTarget "CourseConnectUITests" */ = {
			isa = XCConfigurationList;
			buildConfigurations = (
				E510EAE62206B836004F3E5C /* Debug */,
				E510EAE72206B836004F3E5C /* Release */,
			);
			defaultConfigurationIsVisible = 0;
			defaultConfigurationName = Release;
		};
/* End XCConfigurationList section */
	};
	rootObject = E510EAAF2206B834004F3E5C /* Project object */;
}
